
Microsoft Visual Studio Solution File, Format Version 12.00
# Visual Studio Version 16
VisualStudioVersion = 16.0.31205.134
MinimumVisualStudioVersion = 10.0.40219.1
Project("{FAE04EC0-301F-11D3-BF4B-00C04F79EFBC}") = "S2_DPA_ConsoleProject", "S2_DPA_ConsoleProject\S2_DPA_ConsoleProject.csproj", "{666F1E16-EA03-4F24-8834-B1C4AF05F9EA}"
EndProject
Global
	GlobalSection(SolutionConfigurationPlatforms) = preSolution
		Debug|Any CPU = Debug|Any CPU
		Release|Any CPU = Release|Any CPU
	EndGlobalSection
	GlobalSection(ProjectConfigurationPlatforms) = postSolution
		{666F1E16-EA03-4F24-8834-B1C4AF05F9EA}.Debug|Any CPU.ActiveCfg = Debug|Any CPU
		{666F1E16-EA03-4F24-8834-B1C4AF05F9EA}.Debug|Any CPU.Build.0 = Debug|Any CPU
		{666F1E16-EA03-4F24-8834-B1C4AF05F9EA}.Release|Any CPU.ActiveCfg = Release|Any CPU
		{666F1E16-EA03-4F24-8834-B1C4AF05F9EA}.Release|Any CPU.Build.0 = Release|Any CPU
	EndGlobalSection
	GlobalSection(SolutionProperties) = preSolution
		HideSolutionNode = FALSE
	EndGlobalSection
	GlobalSection(ExtensibilityGlobals) = postSolution
		SolutionGuid = {C13D091A-A1AC-4EC9-8B60-9B4162ACD87A}
	EndGlobalSection
EndGlobal
